
Microsoft Visual Studio Solution File, Format Version 12.00
# Visual Studio Version 16
VisualStudioVersion = 16.0.30002.166
MinimumVisualStudioVersion = 10.0.40219.1
Project("{FAE04EC0-301F-11D3-BF4B-00C04F79EFBC}") = "CovidWorkflow", "CovidWorkflow\CovidWorkflow.csproj", "{2D868550-8670-4E3C-AE3C-D49EA6C8D1EC}"
EndProject
Global
	GlobalSection(SolutionConfigurationPlatforms) = preSolution
		Debug|Any CPU = Debug|Any CPU
		Release|Any CPU = Release|Any CPU
	EndGlobalSection
	GlobalSection(ProjectConfigurationPlatforms) = postSolution
		{2D868550-8670-4E3C-AE3C-D49EA6C8D1EC}.Debug|Any CPU.ActiveCfg = Debug|Any CPU
		{2D868550-8670-4E3C-AE3C-D49EA6C8D1EC}.Debug|Any CPU.Build.0 = Debug|Any CPU
		{2D868550-8670-4E3C-AE3C-D49EA6C8D1EC}.Release|Any CPU.ActiveCfg = Release|Any CPU
		{2D868550-8670-4E3C-AE3C-D49EA6C8D1EC}.Release|Any CPU.Build.0 = Release|Any CPU
	EndGlobalSection
	GlobalSection(SolutionProperties) = preSolution
		HideSolutionNode = FALSE
	EndGlobalSection
	GlobalSection(ExtensibilityGlobals) = postSolution
		SolutionGuid = {61612DF0-6BCA-461A-9969-C27D89736067}
	EndGlobalSection
EndGlobal
